{
  "requires": true,
  "lockfileVersion": 1,
  "dependencies": {
    "@types/aes-js": {
      "version": "3.1.1",
      "resolved": "https://registry.npmjs.org/@types/aes-js/-/aes-js-3.1.1.tgz",
      "integrity": "sha512-SDSGgXT3LRCH6qMWk8OHT1vLSVNuHNvCpKCx2/TYtQMbMGGgxJC9fspwSkQjqzRagrWnCrxuLL3jMNXLXHHvSw==",
      "dev": true
    },
    "@types/async": {
      "version": "3.2.5",
      "resolved": "https://registry.npmjs.org/@types/async/-/async-3.2.5.tgz",
      "integrity": "sha512-fdtHUdfIxSfU6crUgUOEb6vxdquAOa75bh1sQVL/ePkmQDNo8Aj1056eGGI9cPls5tLRhnAyfoXljEk+hmhbxg==",
      "dev": true
    },
    "@types/body-parser": {
      "version": "1.19.0",
      "resolved": "https://registry.npmjs.org/@types/body-parser/-/body-parser-1.19.0.tgz",
      "integrity": "sha512-W98JrE0j2K78swW4ukqMleo8R7h/pFETjM2DQ90MF6XK2i4LO4W3gQ71Lt4w3bfm2EvVSyWHplECvB5sK22yFQ==",
      "dev": true,
      "requires": {
        "@types/connect": "*",
        "@types/node": "*"
      }
    },
    "@types/connect": {
      "version": "3.4.34",
      "resolved": "https://registry.npmjs.org/@types/connect/-/connect-3.4.34.tgz",
      "integrity": "sha512-ePPA/JuI+X0vb+gSWlPKOY0NdNAie/rPUqX2GUPpbZwiKTkSPhjXWuee47E4MtE54QVzGCQMQkAL6JhV2E1+cQ==",
      "dev": true,
      "requires": {
        "@types/node": "*"
      }
    },
    "@types/cookiejar": {
      "version": "2.1.2",
      "resolved": "https://registry.npmjs.org/@types/cookiejar/-/cookiejar-2.1.2.tgz",
      "integrity": "sha512-t73xJJrvdTjXrn4jLS9VSGRbz0nUY3cl2DMGDU48lKl+HR9dbbjW2A9r3g40VA++mQpy6uuHg33gy7du2BKpog==",
      "dev": true
    },
    "@types/ethereum-protocol": {
      "version": "1.0.1",
      "resolved": "https://registry.npmjs.org/@types/ethereum-protocol/-/ethereum-protocol-1.0.1.tgz",
      "integrity": "sha512-vxym5Cnkvms5yRwCDzuaavAtesRflY4oqYDULqQSghLmX5snurmDEz+rbUJbq2vDc4TBvji6dV+891N3VHQXhw==",
      "dev": true,
      "requires": {
        "bignumber.js": "7.2.1"
      }
    },
    "@types/express": {
      "version": "4.17.11",
      "resolved": "https://registry.npmjs.org/@types/express/-/express-4.17.11.tgz",
      "integrity": "sha512-no+R6rW60JEc59977wIxreQVsIEOAYwgCqldrA/vkpCnbD7MqTefO97lmoBe4WE0F156bC4uLSP1XHDOySnChg==",
      "dev": true,
      "requires": {
        "@types/body-parser": "*",
        "@types/express-serve-static-core": "^4.17.18",
        "@types/qs": "*",
        "@types/serve-static": "*"
      }
    },
    "@types/express-serve-static-core": {
      "version": "4.17.18",
      "resolved": "https://registry.npmjs.org/@types/express-serve-static-core/-/express-serve-static-core-4.17.18.tgz",
      "integrity": "sha512-m4JTwx5RUBNZvky/JJ8swEJPKFd8si08pPF2PfizYjGZOKr/svUWPcoUmLow6MmPzhasphB7gSTINY67xn3JNA==",
      "dev": true,
      "requires": {
        "@types/node": "*",
        "@types/qs": "*",
        "@types/range-parser": "*"
      }
    },
    "@types/immediate": {
      "version": "3.2.0",
      "resolved": "https://registry.npmjs.org/@types/immediate/-/immediate-3.2.0.tgz",
      "integrity": "sha512-CojBxLEgxjdIXgoxSYrxvaydin6MmA94rCHg2AKmC+7FePBXNfFxhZ/1RRkUwyBnCi3YoVyg8PiM5iUQFku5pw==",
      "dev": true
    },
    "@types/merge-descriptors": {
      "version": "1.0.1",
      "resolved": "https://registry.npmjs.org/@types/merge-descriptors/-/merge-descriptors-1.0.1.tgz",
      "integrity": "sha512-dvY3+KXKTXn7sD9bFQsaPcw3FN9ljk82YDUDl7O2FsBVBhiN7Ya216aYUqUvlRdbL/lvW90SYAUJZ1fFnmtMUQ==",
      "dev": true
    },
    "@types/methods": {
      "version": "1.1.1",
      "resolved": "https://registry.npmjs.org/@types/methods/-/methods-1.1.1.tgz",
      "integrity": "sha512-hvD1Yz0xugpvbFNVihc0Eu60Y/o1dD8LmSdN4d5QHV315ljuVGlwS5DYrb3RqFi6JskDC0Xi6/Bv6aEe/1A9bw==",
      "dev": true
    },
    "@types/mime": {
      "version": "2.0.3",
      "resolved": "https://registry.npmjs.org/@types/mime/-/mime-2.0.3.tgz",
      "integrity": "sha512-Jus9s4CDbqwocc5pOAnh8ShfrnMcPHuJYzVcSUU7lrh8Ni5HuIqX3oilL86p3dlTrk0LzHRCgA/GQ7uNCw6l2Q==",
      "dev": true
    },
    "@types/mocha": {
      "version": "8.2.0",
      "resolved": "https://registry.npmjs.org/@types/mocha/-/mocha-8.2.0.tgz",
      "integrity": "sha512-/Sge3BymXo4lKc31C8OINJgXLaw+7vL1/L1pGiBNpGrBiT8FQiaFpSYV0uhTaG4y78vcMBTMFsWaHDvuD+xGzQ==",
      "dev": true
    },
    "@types/node": {
      "version": "14.14.20",
      "resolved": "https://registry.npmjs.org/@types/node/-/node-14.14.20.tgz",
      "integrity": "sha512-Y93R97Ouif9JEOWPIUyU+eyIdyRqQR0I8Ez1dzku4hDx34NWh4HbtIc3WNzwB1Y9ULvNGeu5B8h8bVL5cAk4/A==",
      "dev": true
    },
    "@types/qs": {
      "version": "6.9.5",
      "resolved": "https://registry.npmjs.org/@types/qs/-/qs-6.9.5.tgz",
      "integrity": "sha512-/JHkVHtx/REVG0VVToGRGH2+23hsYLHdyG+GrvoUGlGAd0ErauXDyvHtRI/7H7mzLm+tBCKA7pfcpkQ1lf58iQ==",
      "dev": true
    },
    "@types/range-parser": {
      "version": "1.2.3",
      "resolved": "https://registry.npmjs.org/@types/range-parser/-/range-parser-1.2.3.tgz",
      "integrity": "sha512-ewFXqrQHlFsgc09MK5jP5iR7vumV/BYayNC6PgJO2LPe8vrnNFyjQjSppfEngITi0qvfKtzFvgKymGheFM9UOA==",
      "dev": true
    },
    "@types/serve-static": {
      "version": "1.13.8",
      "resolved": "https://registry.npmjs.org/@types/serve-static/-/serve-static-1.13.8.tgz",
      "integrity": "sha512-MoJhSQreaVoL+/hurAZzIm8wafFR6ajiTM1m4A0kv6AGeVBl4r4pOV8bGFrjjq1sGxDTnCoF8i22o0/aE5XCyA==",
      "dev": true,
      "requires": {
        "@types/mime": "*",
        "@types/node": "*"
      }
    },
    "@types/source-map-support": {
      "version": "0.5.3",
      "resolved": "https://registry.npmjs.org/@types/source-map-support/-/source-map-support-0.5.3.tgz",
      "integrity": "sha512-fvjMjVH8Rmokw2dWh1dkj90iX5R8FPjeZzjNH+6eFXReh0QnHFf1YBl3B0CF0RohIAA3SDRJsGeeUWKl6d7HqA==",
      "dev": true,
      "requires": {
        "source-map": "^0.6.0"
      }
    },
    "@types/sprintf": {
      "version": "0.1.0",
      "resolved": "https://registry.npmjs.org/@types/sprintf/-/sprintf-0.1.0.tgz",
      "integrity": "sha512-2nCrar+IHBF8avAipoO3MmZm+pe3haEM/jD+4TeDaGmrBT7CdJb/k0jQ5HomtXgsScuV3ud/GoFuv7kUDe4Vfw==",
      "dev": true
    },
    "@types/superagent": {
      "version": "4.1.10",
      "resolved": "https://registry.npmjs.org/@types/superagent/-/superagent-4.1.10.tgz",
      "integrity": "sha512-xAgkb2CMWUMCyVc/3+7iQfOEBE75NvuZeezvmixbUw3nmENf2tCnQkW5yQLTYqvXUQ+R6EXxdqKKbal2zM5V/g==",
      "dev": true,
      "requires": {
        "@types/cookiejar": "*",
        "@types/node": "*"
      }
    },
    "@types/supertest": {
      "version": "2.0.10",
      "resolved": "https://registry.npmjs.org/@types/supertest/-/supertest-2.0.10.tgz",
      "integrity": "sha512-Xt8TbEyZTnD5Xulw95GLMOkmjGICrOQyJ2jqgkSjAUR3mm7pAIzSR0NFBaMcwlzVvlpCjNwbATcWWwjNiZiFrQ==",
      "dev": true,
      "requires": {
        "@types/superagent": "*"
      }
    },
    "bignumber.js": {
      "version": "7.2.1",
      "resolved": "https://registry.npmjs.org/bignumber.js/-/bignumber.js-7.2.1.tgz",
      "integrity": "sha512-S4XzBk5sMB+Rcb/LNcpzXr57VRTxgAvaAEDAl1AwRx27j00hT84O6OkteE7u8UB3NuaaygCRrEpqox4uDOrbdQ==",
      "dev": true
    },
    "source-map": {
      "version": "0.6.1",
      "resolved": "https://registry.npmjs.org/source-map/-/source-map-0.6.1.tgz",
      "integrity": "sha512-UjgapumWlbMhkBgzT7Ykc5YXUT46F0iKu8SGXq0bcwP5dz/h0Plj6enJqjz1Zbq2l5WaqYnrVbwWOWMyF3F47g==",
      "dev": true
    },
    "types-registry": {
      "version": "0.1.524",
      "resolved": "https://registry.npmjs.org/types-registry/-/types-registry-0.1.524.tgz",
      "integrity": "sha512-2bHJLsFunWfH8Gqi+3w1ACg8Dl43u4W+MBg5nYcuMF9Q9DDLcgmTgvgOI+c6Lm1dzxftMzN8sQXIeB1VksE3PA=="
    }
  }
}
